<Project xmlns="http://schemas.microsoft.com/developer/msbuild/2003">
    <PropertyGroup>
        <ProjectGuid>{6A65AB8A-1709-4E74-85B7-1CDDB1D394B5}</ProjectGuid>
        <ProjectVersion>18.8</ProjectVersion>
        <MainSource>Mimics.dpr</MainSource>
        <Config Condition="'$(Config)'==''">Debug</Config>
        <DCC_DCCCompiler>DCC32</DCC_DCCCompiler>
        <FrameworkType>VCL</FrameworkType>
        <Base>True</Base>
        <Platform Condition="'$(Platform)'==''">Win32</Platform>
        <TargetedPlatforms>38017</TargetedPlatforms>
        <AppType>Application</AppType>
    </PropertyGroup>
    <PropertyGroup Condition="'$(Config)'=='Base' or '$(Base)'!=''">
        <Base>true</Base>
    </PropertyGroup>
    <PropertyGroup Condition="('$(Platform)'=='Android64' and '$(Base)'=='true') or '$(Base_Android64)'!=''">
        <Base_Android64>true</Base_Android64>
        <CfgParent>Base</CfgParent>
        <Base>true</Base>
    </PropertyGroup>
    <PropertyGroup Condition="('$(Platform)'=='Win32' and '$(Base)'=='true') or '$(Base_Win32)'!=''">
        <Base_Win32>true</Base_Win32>
        <CfgParent>Base</CfgParent>
        <Base>true</Base>
    </PropertyGroup>
    <PropertyGroup Condition="('$(Platform)'=='Win64' and '$(Base)'=='true') or '$(Base_Win64)'!=''">
        <Base_Win64>true</Base_Win64>
        <CfgParent>Base</CfgParent>
        <Base>true</Base>
    </PropertyGroup>
    <PropertyGroup Condition="'$(Config)'=='Release' or '$(Cfg_1)'!=''">
        <Cfg_1>true</Cfg_1>
        <CfgParent>Base</CfgParent>
        <Base>true</Base>
    </PropertyGroup>
    <PropertyGroup Condition="('$(Platform)'=='Win32' and '$(Cfg_1)'=='true') or '$(Cfg_1_Win32)'!=''">
        <Cfg_1_Win32>true</Cfg_1_Win32>
        <CfgParent>Cfg_1</CfgParent>
        <Cfg_1>true</Cfg_1>
        <Base>true</Base>
    </PropertyGroup>
    <PropertyGroup Condition="'$(Config)'=='Debug' or '$(Cfg_2)'!=''">
        <Cfg_2>true</Cfg_2>
        <CfgParent>Base</CfgParent>
        <Base>true</Base>
    </PropertyGroup>
    <PropertyGroup Condition="('$(Platform)'=='Android64' and '$(Cfg_2)'=='true') or '$(Cfg_2_Android64)'!=''">
        <Cfg_2_Android64>true</Cfg_2_Android64>
        <CfgParent>Cfg_2</CfgParent>
        <Cfg_2>true</Cfg_2>
        <Base>true</Base>
    </PropertyGroup>
    <PropertyGroup Condition="('$(Platform)'=='iOSDevice64' and '$(Cfg_2)'=='true') or '$(Cfg_2_iOSDevice64)'!=''">
        <Cfg_2_iOSDevice64>true</Cfg_2_iOSDevice64>
        <CfgParent>Cfg_2</CfgParent>
        <Cfg_2>true</Cfg_2>
        <Base>true</Base>
    </PropertyGroup>
    <PropertyGroup Condition="('$(Platform)'=='OSX64' and '$(Cfg_2)'=='true') or '$(Cfg_2_OSX64)'!=''">
        <Cfg_2_OSX64>true</Cfg_2_OSX64>
        <CfgParent>Cfg_2</CfgParent>
        <Cfg_2>true</Cfg_2>
        <Base>true</Base>
    </PropertyGroup>
    <PropertyGroup Condition="('$(Platform)'=='Win32' and '$(Cfg_2)'=='true') or '$(Cfg_2_Win32)'!=''">
        <Cfg_2_Win32>true</Cfg_2_Win32>
        <CfgParent>Cfg_2</CfgParent>
        <Cfg_2>true</Cfg_2>
        <Base>true</Base>
    </PropertyGroup>
    <PropertyGroup Condition="'$(Base)'!=''">
        <DCC_SYMBOL_PLATFORM>false</DCC_SYMBOL_PLATFORM>
        <DCC_IMPLICIT_STRING_CAST>false</DCC_IMPLICIT_STRING_CAST>
        <DCC_SUSPICIOUS_TYPECAST>false</DCC_SUSPICIOUS_TYPECAST>
        <DCC_IMPLICIT_STRING_CAST_LOSS>false</DCC_IMPLICIT_STRING_CAST_LOSS>
        <DCC_WIDECHAR_REDUCED>false</DCC_WIDECHAR_REDUCED>
        <DCC_DcuOutput>..\sampah\</DCC_DcuOutput>
        <DCC_BplOutput>..\sampah\</DCC_BplOutput>
        <DCC_DcpOutput>..\sampah\</DCC_DcpOutput>
        <DCC_UsePackage>vclx;vcl;vclimg;dbrtl;Rave77VCL;bdertl;rtl;vclactnband;xmlrtl;vcldb;vcldbx;vcltouch;dsnap;dsnapcon;TeeUI;TeeDB;Tee;vclib;ibxpress;adortl;IndyCore;IndySystem;IndyProtocols;inet;intrawebdb_100_140;Intraweb_100_140;VclSmp;vclie;websnap;webdsnap;inetdb;inetdbbde;inetdbxpress;soaprtl;vclribbon;dbexpress;DbxCommonDriver;DataSnapIndy10ServerTransport;DataSnapProviderClient;DbxClientDriver;DataSnapServer;DBXInterBaseDriver;DBXMySQLDriver;dbxcds;DBXFirebirdDriver;DBXSybaseASEDriver;DBXSybaseASADriver;DBXOracleDriver;DBXMSSQLDriver;DBXInformixDriver;DBXDb2Driver;MapX;Vcwd7;pkgRadarNav;FlatStyle_D7;RaizeComponentsVcl;RaizeComponentsVclDb;OverbyteIcsD2010Run;ZComponent;ZDbc;ZPlain;ZCore;ZParseSql;scroll;picshow;$(DCC_UsePackage)</DCC_UsePackage>
        <DCC_OutputDRCFile>true</DCC_OutputDRCFile>
        <DCC_DependencyCheckOutputName>..\bin\Mimics.exe</DCC_DependencyCheckOutputName>
        <DCC_ImageBase>00400000</DCC_ImageBase>
        <DCC_ExeOutput>..\bin</DCC_ExeOutput>
        <DCC_Platform>x86</DCC_Platform>
        <DCC_N>false</DCC_N>
        <DCC_S>false</DCC_S>
        <DCC_K>false</DCC_K>
        <DCC_E>false</DCC_E>
        <DCC_F>false</DCC_F>
        <SanitizedProjectName>Mimics</SanitizedProjectName>
        <DCC_Namespace>Vcl;Vcl.Imaging;Vcl.Touch;Vcl.Samples;Vcl.Shell;System;Xml;Data;Datasnap;Web;Soap;Winapi;Ics.Fmx;$(DCC_Namespace)</DCC_Namespace>
        <VerInfo_Locale>1033</VerInfo_Locale>
        <VerInfo_Keys>CompanyName=;FileDescription=;FileVersion=1.0.0.0;InternalName=;LegalCopyright=;LegalTrademarks=;OriginalFilename=;ProductName=;ProductVersion=1.0.0.0;Comments=</VerInfo_Keys>
    </PropertyGroup>
    <PropertyGroup Condition="'$(Base_Android64)'!=''">
        <EnabledSysJars>android-support-v4.dex.jar;cloud-messaging.dex.jar;com-google-android-gms.play-services-ads-base.17.2.0.dex.jar;com-google-android-gms.play-services-ads-identifier.16.0.0.dex.jar;com-google-android-gms.play-services-ads-lite.17.2.0.dex.jar;com-google-android-gms.play-services-ads.17.2.0.dex.jar;com-google-android-gms.play-services-analytics-impl.16.0.8.dex.jar;com-google-android-gms.play-services-analytics.16.0.8.dex.jar;com-google-android-gms.play-services-base.16.0.1.dex.jar;com-google-android-gms.play-services-basement.16.2.0.dex.jar;com-google-android-gms.play-services-gass.17.2.0.dex.jar;com-google-android-gms.play-services-identity.16.0.0.dex.jar;com-google-android-gms.play-services-maps.16.1.0.dex.jar;com-google-android-gms.play-services-measurement-base.16.4.0.dex.jar;com-google-android-gms.play-services-measurement-sdk-api.16.4.0.dex.jar;com-google-android-gms.play-services-stats.16.0.1.dex.jar;com-google-android-gms.play-services-tagmanager-v4-impl.16.0.8.dex.jar;com-google-android-gms.play-services-tasks.16.0.1.dex.jar;com-google-android-gms.play-services-wallet.16.0.1.dex.jar;com-google-firebase.firebase-analytics.16.4.0.dex.jar;com-google-firebase.firebase-common.16.1.0.dex.jar;com-google-firebase.firebase-iid-interop.16.0.1.dex.jar;com-google-firebase.firebase-iid.17.1.1.dex.jar;com-google-firebase.firebase-measurement-connector.17.0.1.dex.jar;com-google-firebase.firebase-messaging.17.5.0.dex.jar;fmx.dex.jar;google-play-billing.dex.jar;google-play-licensing.dex.jar</EnabledSysJars>
    </PropertyGroup>
    <PropertyGroup Condition="'$(Base_Win32)'!=''">
        <DCC_Namespace>Winapi;System.Win;Data.Win;Datasnap.Win;Web.Win;Soap.Win;Xml.Win;Bde;$(DCC_Namespace)</DCC_Namespace>
        <BT_BuildType>Debug</BT_BuildType>
        <VerInfo_IncludeVerInfo>true</VerInfo_IncludeVerInfo>
        <VerInfo_Keys>CompanyName=;FileDescription=$(MSBuildProjectName);FileVersion=1.0.0.0;InternalName=;LegalCopyright=;LegalTrademarks=;OriginalFilename=;ProductName=$(MSBuildProjectName);ProductVersion=1.0.0.0;Comments=;ProgramID=com.embarcadero.$(MSBuildProjectName)</VerInfo_Keys>
        <VerInfo_Locale>1033</VerInfo_Locale>
        <Manifest_File>$(BDS)\bin\default_app.manifest</Manifest_File>
        <Icon_MainIcon>Mimics_Icon.ico</Icon_MainIcon>
        <AppEnableRuntimeThemes>true</AppEnableRuntimeThemes>
        <UWP_DelphiLogo44>$(BDS)\bin\Artwork\Windows\UWP\delphi_UwpDefault_44.png</UWP_DelphiLogo44>
        <UWP_DelphiLogo150>$(BDS)\bin\Artwork\Windows\UWP\delphi_UwpDefault_150.png</UWP_DelphiLogo150>
    </PropertyGroup>
    <PropertyGroup Condition="'$(Base_Win64)'!=''">
        <Icon_MainIcon>Mimics_Icon.ico</Icon_MainIcon>
        <UWP_DelphiLogo44>$(BDS)\bin\Artwork\Windows\UWP\delphi_UwpDefault_44.png</UWP_DelphiLogo44>
        <UWP_DelphiLogo150>$(BDS)\bin\Artwork\Windows\UWP\delphi_UwpDefault_150.png</UWP_DelphiLogo150>
    </PropertyGroup>
    <PropertyGroup Condition="'$(Cfg_1)'!=''">
        <DCC_LocalDebugSymbols>false</DCC_LocalDebugSymbols>
        <DCC_Define>RELEASE;$(DCC_Define)</DCC_Define>
        <DCC_SymbolReferenceInfo>0</DCC_SymbolReferenceInfo>
        <DCC_DebugInformation>0</DCC_DebugInformation>
    </PropertyGroup>
    <PropertyGroup Condition="'$(Cfg_1_Win32)'!=''">
        <AppEnableRuntimeThemes>true</AppEnableRuntimeThemes>
        <AppDPIAwarenessMode>PerMonitorV2</AppDPIAwarenessMode>
    </PropertyGroup>
    <PropertyGroup Condition="'$(Cfg_2)'!=''">
        <DCC_Define>DEBUG;$(DCC_Define)</DCC_Define>
    </PropertyGroup>
    <PropertyGroup Condition="'$(Cfg_2_Android64)'!=''">
        <BT_BuildType>Debug</BT_BuildType>
    </PropertyGroup>
    <PropertyGroup Condition="'$(Cfg_2_iOSDevice64)'!=''">
        <BT_BuildType>Debug</BT_BuildType>
    </PropertyGroup>
    <PropertyGroup Condition="'$(Cfg_2_OSX64)'!=''">
        <BT_BuildType>Debug</BT_BuildType>
    </PropertyGroup>
    <PropertyGroup Condition="'$(Cfg_2_Win32)'!=''">
        <AppEnableRuntimeThemes>true</AppEnableRuntimeThemes>
        <AppDPIAwarenessMode>PerMonitorV2</AppDPIAwarenessMode>
        <VerInfo_Keys>CompanyName=;FileDescription=$(MSBuildProjectName);FileVersion=1.0.0.0;InternalName=;LegalCopyright=;LegalTrademarks=;OriginalFilename=;ProductName=$(MSBuildProjectName);ProductVersion=1.0.0.0;Comments=;ProgramID=com.embarcadero.$(MSBuildProjectName)</VerInfo_Keys>
    </PropertyGroup>
    <ItemGroup>
        <DelphiCompile Include="$(MainSource)">
            <MainSource>MainSource</MainSource>
        </DelphiCompile>
        <DCCReference Include="ufrmMain.pas">
            <Form>frmMainDisplay</Form>
        </DCCReference>
        <DCCReference Include="ufrmLogin.pas">
            <Form>frmLogin</Form>
        </DCCReference>
        <DCCReference Include="mimic\ufrmMimics.pas">
            <Form>frmMimics</Form>
        </DCCReference>
        <DCCReference Include="mimic\ufrmMimicKey.pas">
            <Form>frmMimicKey</Form>
        </DCCReference>
        <DCCReference Include="mimic\ufrmEmptyPage.pas">
            <Form>frmEmptyPage</Form>
        </DCCReference>
        <DCCReference Include="mimic\ufrmTOC.pas">
            <Form>frmTOC</Form>
        </DCCReference>
        <DCCReference Include="mimic\ufrmFunctionAllocation.pas">
            <Form>frmFuncAllocation</Form>
        </DCCReference>
        <DCCReference Include="mimic\ufrmNavComSystem.pas">
            <Form>frmNavComs</Form>
        </DCCReference>
        <DCCReference Include="mimic\ufrmNetArchitect.pas">
            <Form>frmNetArchitect</Form>
        </DCCReference>
        <DCCReference Include="mimic\ufrmPowerManagementOverview.pas">
            <Form>frmPowerManagementOverview</Form>
        </DCCReference>
        <DCCReference Include="mimic\ufrm230v115vPowerDistribution.pas">
            <Form>frm230v115vPowerDistribution</Form>
        </DCCReference>
        <DCCReference Include="mimic\ufrm24vDCPowerDistribution.pas">
            <Form>frm24vDCPowerDistribution</Form>
        </DCCReference>
        <DCCReference Include="mimic\ufrmUninterruptiblePS.pas">
            <Form>frmUninterruptiblePS</Form>
        </DCCReference>
        <DCCReference Include="mimic\ufrmPropultionSystemOverview.pas">
            <Form>frmPropultionSystemOverview</Form>
        </DCCReference>
        <DCCReference Include="mimic\ufrmCPP.pas">
            <Form>frmCPP</Form>
        </DCCReference>
        <DCCReference Include="mimic\ufrmMEPS.pas">
            <Form>frmMEPS</Form>
        </DCCReference>
        <DCCReference Include="mimic\ufrmMESB.pas">
            <Form>frmMESB</Form>
        </DCCReference>
        <DCCReference Include="mimic\ufrmMEPS_Exhaust.pas">
            <Form>frmMEPS_Exhaust</Form>
        </DCCReference>
        <DCCReference Include="mimic\ufrmMESB_Exhaust.pas">
            <Form>frmMESB_Exhaust</Form>
        </DCCReference>
        <DCCReference Include="mimic\ufrmPropultionConditions.pas">
            <Form>frmPropultionConditions</Form>
        </DCCReference>
        <DCCReference Include="mimic\ufrmFireDetectionDeckTop.pas">
            <Form>frmFireDetectionDeckTop</Form>
        </DCCReference>
        <DCCReference Include="mimic\ufrmFireDetectionDeckBottom.pas">
            <Form>frmFireDetectionDeckBottom</Form>
        </DCCReference>
        <DCCReference Include="mimic\ufrmMachinerySpaceVentSystem.pas">
            <Form>frmMachinerySpaceVentSystem</Form>
        </DCCReference>
        <DCCReference Include="mimic\ufrmFireFightingSystem.pas">
            <Form>frmFireFightingSystem</Form>
        </DCCReference>
        <DCCReference Include="mimic\ufrmBallastSystem.pas">
            <Form>frmBallastSystem</Form>
        </DCCReference>
        <DCCReference Include="mimic\ufrmBilgeSystem.pas">
            <Form>frmBilgeSystem</Form>
        </DCCReference>
        <DCCReference Include="mimic\ufrmAuxiliarySystemOverview.pas">
            <Form>frmAuxiliarySystemOverview</Form>
        </DCCReference>
        <DCCReference Include="mimic\ufrmTankOverview.pas">
            <Form>frmTankOverview</Form>
        </DCCReference>
        <DCCReference Include="mimic\ufrmSeaAndFreshWaterSystem.pas">
            <Form>frmSeaAndFreshWaterSystem</Form>
        </DCCReference>
        <DCCReference Include="mimic\ufrmRunningHours.pas">
            <Form>frmRunningHours</Form>
        </DCCReference>
        <DCCReference Include="mimic\ufrmListOfDisabledElement.pas">
            <Form>frmListOfDisabledElement</Form>
        </DCCReference>
        <DCCReference Include="mimic\ufrmListOfParameterChanges.pas">
            <Form>frmListOfParameterChanges</Form>
        </DCCReference>
        <DCCReference Include="mimic\ufrmCommandHistory.pas">
            <Form>frmCommandHistory</Form>
        </DCCReference>
        <DCCReference Include="..\common\uDataType.pas"/>
        <DCCReference Include="..\common\uFunction.pas"/>
        <DCCReference Include="..\common\uSetting.pas"/>
        <DCCReference Include="..\common\uDatabase.pas"/>
        <DCCReference Include="..\common\uListener.pas"/>
        <DCCReference Include="uMimicsManager.pas"/>
        <DCCReference Include="..\network\uNetworkManager.pas"/>
        <DCCReference Include="uMimicsNetwork.pas"/>
        <DCCReference Include="..\network\uDataBuffer.pas"/>
        <DCCReference Include="..\network\uNetBaseSocket.pas"/>
        <DCCReference Include="..\network\uPacketRegister.pas"/>
        <DCCReference Include="..\network\uTCPClient.pas"/>
        <DCCReference Include="..\network\uTCPDatatype.pas"/>
        <DCCReference Include="..\network\uTCPServer.pas"/>
        <DCCReference Include="uMimicsSystem.pas"/>
        <DCCReference Include="..\framework\LibBaseUtils\Counter\uThreadTimer.pas"/>
        <DCCReference Include="..\framework\LibBaseUtils\Counter\uVirtualTime.pas"/>
        <DCCReference Include="..\components\uBaseComponent.pas"/>
        <DCCReference Include="..\components\uIPMS_Data.pas"/>
        <DCCReference Include="..\framework\LibBaseUtils\Counter\uSteppers.pas"/>
        <DCCReference Include="ufrmLogger.pas">
            <Form>frmLogs</Form>
        </DCCReference>
        <DCCReference Include="popmenu\ufrmAlarmConfiguration.pas">
            <Form>frmAlarmConfiguration</Form>
        </DCCReference>
        <DCCReference Include="popmenu\ufrmAlarmString.pas">
            <Form>frmSelectAlarmString</Form>
        </DCCReference>
        <DCCReference Include="popmenu\ufrmAlarmStringIndex.pas">
            <Form>Form4</Form>
        </DCCReference>
        <DCCReference Include="popmenu\ufrmAttributeSet.pas">
            <Form>frmNewAttribute</Form>
        </DCCReference>
        <DCCReference Include="popmenu\ufrmEdtAttribute.pas">
            <Form>frmEdtAttribute</Form>
        </DCCReference>
        <DCCReference Include="popmenu\ufrmEdtEnumeration.pas">
            <Form>frmEdtEnumeration</Form>
        </DCCReference>
        <DCCReference Include="popmenu\ufrmEdtExpression.pas">
            <Form>frmEditExpression</Form>
        </DCCReference>
        <DCCReference Include="popmenu\ufrmEdtMeasure.pas">
            <Form>frmEdtMeasure</Form>
        </DCCReference>
        <DCCReference Include="popmenu\ufrmHelp.pas">
            <Form>frmHelp</Form>
        </DCCReference>
        <DCCReference Include="popmenu\ufrmHistoricalRealtime.pas">
            <Form>frmHistoricalRealtime</Form>
        </DCCReference>
        <DCCReference Include="popmenu\ufrmLineDisplay.pas">
            <Form>frmLineDisplay</Form>
        </DCCReference>
        <DCCReference Include="popmenu\ufrmLineMap.pas">
            <Form>frmLineMap</Form>
        </DCCReference>
        <DCCReference Include="popmenu\ufrmNewAttribute.pas">
            <Form>Form3</Form>
        </DCCReference>
        <DCCReference Include="popmenu\ufrmNewEnumeration.pas">
            <Form>frmNewEnumeration</Form>
        </DCCReference>
        <DCCReference Include="popmenu\ufrmNewMeasure.pas">
            <Form>frmNewMeasure</Form>
        </DCCReference>
        <DCCReference Include="popmenu\ufrmNewPoint.pas">
            <Form>Form1</Form>
        </DCCReference>
        <DCCReference Include="popmenu\ufrmNewResource.pas">
            <Form>frmNewResource</Form>
        </DCCReference>
        <DCCReference Include="popmenu\ufrmNewValue.pas">
            <Form>frmNewValue</Form>
        </DCCReference>
        <DCCReference Include="popmenu\ufrmODBCAdmin.pas">
            <Form>frmODBCAdmin</Form>
        </DCCReference>
        <DCCReference Include="popmenu\ufrmPointPropts.pas">
            <Form>frmPointPropts</Form>
        </DCCReference>
        <DCCReference Include="popmenu\ufrmPointView.pas">
            <Form>frmPointView</Form>
        </DCCReference>
        <DCCReference Include="popmenu\ufrmProperties.pas">
            <Form>frmProperts</Form>
        </DCCReference>
        <DCCReference Include="popmenu\ufrmPropertiesContainer.pas">
            <Form>frmContainer</Form>
        </DCCReference>
        <DCCReference Include="popmenu\ufrmPropertiesScreen.pas">
            <Form>frmScreen</Form>
        </DCCReference>
        <DCCReference Include="popmenu\ufrmSelectAlarmClass.pas">
            <Form>frmSelectAlarmClass</Form>
        </DCCReference>
        <DCCReference Include="popmenu\ufrmSelectDevice.pas">
            <Form>frmSelectDevice</Form>
        </DCCReference>
        <DCCReference Include="popmenu\ufrmSelectEnumeration.pas">
            <Form>frmSelectEnumeration</Form>
        </DCCReference>
        <DCCReference Include="popmenu\ufrmSelectMeasure.pas">
            <Form>frmSelectMeasure</Form>
        </DCCReference>
        <DCCReference Include="popmenu\ufrmSelectPoint.pas">
            <Form>Form2</Form>
        </DCCReference>
        <DCCReference Include="popmenu\ufrmSelectPointType.pas">
            <Form>frmPointType</Form>
        </DCCReference>
        <DCCReference Include="popmenu\ufrmSelectResource.pas">
            <Form>frmSelectResource</Form>
        </DCCReference>
        <DCCReference Include="popmenu\ufrmValuePropts.pas">
            <Form>frmValuePropts</Form>
        </DCCReference>
        <DCCReference Include="mimic\ufrmAlarmSummary.pas">
            <Form>frmAlarmSummary</Form>
        </DCCReference>
        <DCCReference Include="mimic\ufrmAlarmHistory.pas">
            <Form>frmAlarmHistory</Form>
        </DCCReference>
        <DCCReference Include="popmenu\ufrmConfDateTime.pas">
            <Form>frmConfDateTime</Form>
        </DCCReference>
        <DCCReference Include="popmenu\ufrmSelectSort.pas">
            <Form>frmSelectSort</Form>
        </DCCReference>
        <DCCReference Include="popmenu\ufrmEdtFilter.pas">
            <Form>frmEdtFilter</Form>
        </DCCReference>
        <DCCReference Include="popmenu\ufrmSelectValue.pas">
            <Form>frmSelectValue</Form>
        </DCCReference>
        <DCCReference Include="popmenu\ufrmSelectFieldView.pas">
            <Form>frmSelectFieldView</Form>
        </DCCReference>
        <DCCReference Include="mimic\ufrmAlarmPresentation.pas">
            <Form>frmAlarmPresentation</Form>
        </DCCReference>
        <DCCReference Include="mimic\ufrmCAP.pas">
            <Form>frmCAP</Form>
        </DCCReference>
        <DCCReference Include="..\components\uAnalogSensor.pas"/>
        <DCCReference Include="..\components\uCircuitBreakerElement.pas"/>
        <DCCReference Include="..\components\uValveProportionally.pas"/>
        <DCCReference Include="..\components\uControlElement.pas"/>
        <DCCReference Include="..\components\uMotorControlDoubleSpeed.pas"/>
        <DCCReference Include="..\components\uMotorControlElement.pas"/>
        <DCCReference Include="..\components\uMotorControlStandby.pas"/>
        <DCCReference Include="..\components\uRunningHour.pas"/>
        <DCCReference Include="..\components\uSetpoint.pas"/>
        <DCCReference Include="..\components\uSwitchElement.pas"/>
        <DCCReference Include="..\components\uSwitchEvent.pas"/>
        <DCCReference Include="..\components\uSwitchNBCD.pas"/>
        <DCCReference Include="..\components\uSwitchTriangle.pas"/>
        <DCCReference Include="..\components\uTankSensor.pas"/>
        <DCCReference Include="..\components\uValveControl.pas"/>
        <DCCReference Include="..\components\uHorizontalBar.pas"/>
        <DCCReference Include="..\components\uVerticalBar.pas"/>
        <DCCReference Include="mimic\ufrmFuelOilSystem.pas">
            <Form>frmFuelOilSystem</Form>
        </DCCReference>
        <DCCReference Include="popmenu\ufrmAuthorization.pas">
            <Form>frmAuthorization</Form>
        </DCCReference>
        <DCCReference Include="..\components\uComputer.pas"/>
        <DCCReference Include="..\components\uShortcut.pas"/>
        <DCCReference Include="..\common\uDBSupportClasses.pas"/>
        <DCCReference Include="..\common\uFreezeFrom.pas">
            <Form>frmFreeze</Form>
        </DCCReference>
        <DCCReference Include="..\elements\uElementTables.pas"/>
        <DCCReference Include="popmenu\ufrmSetpoint.pas">
            <Form>frmSetpoint</Form>
        </DCCReference>
        <DCCReference Include="popmenu\ufrmSelectElement.pas">
            <Form>frmSelectElement</Form>
        </DCCReference>
        <DCCReference Include="..\datatrend\ufrmAxis.pas">
            <Form>frmAxis</Form>
        </DCCReference>
        <DCCReference Include="..\datatrend\ufrmChart.pas">
            <Form>frmChartOption</Form>
        </DCCReference>
        <DCCReference Include="..\datatrend\ufrmDataTrend.pas">
            <Form>frmTrending</Form>
        </DCCReference>
        <DCCReference Include="..\datatrend\ufrmExpression.pas">
            <Form>frmExpression</Form>
        </DCCReference>
        <DCCReference Include="..\datatrend\ufrmGridOption.pas">
            <Form>frmGrid</Form>
        </DCCReference>
        <DCCReference Include="..\datatrend\ufrmLegend.pas">
            <Form>frmLegend</Form>
        </DCCReference>
        <DCCReference Include="..\datatrend\ufrmLineAttribute.pas">
            <Form>frmLineAttribute</Form>
        </DCCReference>
        <DCCReference Include="..\datatrend\ufrmLinePoint.pas">
            <Form>frmPointID</Form>
        </DCCReference>
        <DCCReference Include="..\datatrend\ufrmLines.pas">
            <Form>frmLines</Form>
        </DCCReference>
        <DCCReference Include="..\datatrend\ufrmLogged.pas">
            <Form>frmLogged</Form>
        </DCCReference>
        <DCCReference Include="..\datatrend\ufrmLoggedExpression.pas">
            <Form>frmLoggedExpression</Form>
        </DCCReference>
        <DCCReference Include="..\datatrend\ufrmNewAxis.pas">
            <Form>frmNewAxis</Form>
        </DCCReference>
        <DCCReference Include="..\datatrend\ufrmSetAxisProp.pas">
            <Form>frmSetAxisProp</Form>
        </DCCReference>
        <DCCReference Include="..\datatrend\ufrmSetXAxisProp.pas">
            <Form>frmSetXAxisProp</Form>
        </DCCReference>
        <DCCReference Include="..\datatrend\ufrmSetYAxisProp.pas">
            <Form>frmSetYAxisProp</Form>
        </DCCReference>
        <DCCReference Include="..\datatrend\ufrmTableSelect.pas">
            <Form>frmTableSelect</Form>
        </DCCReference>
        <DCCReference Include="..\components\TrendChart\uAxisAttribute.pas"/>
        <DCCReference Include="..\components\TrendChart\uGridAttribute.pas"/>
        <DCCReference Include="..\components\TrendChart\uLegendAttribute.pas"/>
        <DCCReference Include="..\components\TrendChart\uLineAttribute.pas"/>
        <DCCReference Include="..\components\TrendChart\uTrendChart.pas"/>
        <DCCReference Include="..\components\TrendChart\uTrendData.pas"/>
        <DCCReference Include="..\components\TrendChart\uTrendDataSeries.pas"/>
        <DCCReference Include="..\components\TrendChart\uTrendDataType.pas"/>
        <DCCReference Include="..\datatrend\ufrmSelectTrend.pas">
            <Form>frmSelectTrend</Form>
        </DCCReference>
        <DCCReference Include="..\datatrend\ufrmTrendControlPropts.pas">
            <Form>frmTrenControlPropts</Form>
        </DCCReference>
        <DCCReference Include="popmenu\ufrmReport.pas">
            <Form>frmReport</Form>
        </DCCReference>
        <DCCReference Include="mimic\ufrmAlarmSummaryAUX.pas">
            <Form>frmAlarmSummaryAUX</Form>
        </DCCReference>
        <DCCReference Include="mimic\ufrmAlarmSummaryBALL.pas">
            <Form>frmAlarmSummaryBALL</Form>
        </DCCReference>
        <DCCReference Include="mimic\ufrmAlarmSummaryDG.pas">
            <Form>frmAlarmSummaryDG</Form>
        </DCCReference>
        <DCCReference Include="mimic\ufrmAlarmSummaryDIST.pas">
            <Form>frmAlarmSummaryDIST</Form>
        </DCCReference>
        <DCCReference Include="mimic\ufrmAlarmSummaryDMST.pas">
            <Form>frmAlarmSummaryDMST</Form>
        </DCCReference>
        <DCCReference Include="mimic\ufrmAlarmSummaryFFDC.pas">
            <Form>frmAlarmSummaryFFDC</Form>
        </DCCReference>
        <DCCReference Include="mimic\ufrmAlarmSummaryFUEL.pas">
            <Form>frmAlarmSummaryFUEL</Form>
        </DCCReference>
        <DCCReference Include="mimic\ufrmAlarmSummaryHVAC.pas">
            <Form>frmAlarmSummaryHVAC</Form>
        </DCCReference>
        <DCCReference Include="mimic\ufrmAlarmSummaryIPMS.pas">
            <Form>frmAlarmSummaryIPMS</Form>
        </DCCReference>
        <DCCReference Include="mimic\ufrmAlarmSummaryNAV.pas">
            <Form>frmAlarmSummaryNAV</Form>
        </DCCReference>
        <DCCReference Include="mimic\ufrmAlarmSummaryPROP.pas">
            <Form>frmAlarmSummaryPROP</Form>
        </DCCReference>
        <DCCReference Include="..\components\TrendChart\lognya.pas"/>
        <BuildConfiguration Include="Debug">
            <Key>Cfg_2</Key>
            <CfgParent>Base</CfgParent>
        </BuildConfiguration>
        <BuildConfiguration Include="Base">
            <Key>Base</Key>
        </BuildConfiguration>
        <BuildConfiguration Include="Release">
            <Key>Cfg_1</Key>
            <CfgParent>Base</CfgParent>
        </BuildConfiguration>
    </ItemGroup>
    <Import Project="$(BDS)\Bin\CodeGear.Delphi.Targets" Condition="Exists('$(BDS)\Bin\CodeGear.Delphi.Targets')"/>
    <ProjectExtensions>
        <Borland.Personality>Delphi.Personality.12</Borland.Personality>
        <Borland.ProjectType/>
        <BorlandProject>
            <Delphi.Personality>
                <Source>
                    <Source Name="MainSource">Mimics.dpr</Source>
                </Source>
                <Parameters>
                    <Parameters Name="UseLauncher">False</Parameters>
                    <Parameters Name="LoadAllSymbols">True</Parameters>
                    <Parameters Name="LoadUnspecifiedSymbols">False</Parameters>
                </Parameters>
                <VersionInfo>
                    <VersionInfo Name="IncludeVerInfo">False</VersionInfo>
                    <VersionInfo Name="AutoIncBuild">False</VersionInfo>
                    <VersionInfo Name="MajorVer">1</VersionInfo>
                    <VersionInfo Name="MinorVer">0</VersionInfo>
                    <VersionInfo Name="Release">0</VersionInfo>
                    <VersionInfo Name="Build">0</VersionInfo>
                    <VersionInfo Name="Debug">False</VersionInfo>
                    <VersionInfo Name="PreRelease">False</VersionInfo>
                    <VersionInfo Name="Special">False</VersionInfo>
                    <VersionInfo Name="Private">False</VersionInfo>
                    <VersionInfo Name="DLL">False</VersionInfo>
                    <VersionInfo Name="Locale">1033</VersionInfo>
                    <VersionInfo Name="CodePage">1252</VersionInfo>
                </VersionInfo>
                <VersionInfoKeys>
                    <VersionInfoKeys Name="CompanyName"/>
                    <VersionInfoKeys Name="FileDescription"/>
                    <VersionInfoKeys Name="FileVersion">1.0.0.0</VersionInfoKeys>
                    <VersionInfoKeys Name="InternalName"/>
                    <VersionInfoKeys Name="LegalCopyright"/>
                    <VersionInfoKeys Name="LegalTrademarks"/>
                    <VersionInfoKeys Name="OriginalFilename"/>
                    <VersionInfoKeys Name="ProductName"/>
                    <VersionInfoKeys Name="ProductVersion">1.0.0.0</VersionInfoKeys>
                    <VersionInfoKeys Name="Comments"/>
                </VersionInfoKeys>
                <Language>
                    <Language Name="ProjectLang">$00000409</Language>
                </Language>
                <Excluded_Packages>
                    <Excluded_Packages Name="$(BDSBIN)\bcbofficexp140.bpl">Embarcadero C++Builder Office XP Servers Package</Excluded_Packages>
                    <Excluded_Packages Name="$(BDSBIN)\dcloffice2k140.bpl">Microsoft Office 2000 Sample Automation Server Wrapper Components</Excluded_Packages>
                    <Excluded_Packages Name="$(BDSBIN)\dclofficexp140.bpl">Microsoft Office XP Sample Automation Server Wrapper Components</Excluded_Packages>
                </Excluded_Packages>
                <Resource_DLL_Projects>
                    <Resource_DLL_Projects Name="Item0">English (United States)*$00000409*ENU*ENU</Resource_DLL_Projects>
                    <Resource_DLL_Projects Name="Item1">Indonesian*$00000421*IND*IND</Resource_DLL_Projects>
                </Resource_DLL_Projects>
                <Misc_Files>
                    <Misc_Files Name="Item0">..\bin\img\startup.bmp*&lt;unknown&gt;</Misc_Files>
                </Misc_Files>
                <RDP_Source_Files>
                    <RDP_Source_Files Name="Item0">ufrmMain.dfm</RDP_Source_Files>
                    <RDP_Source_Files Name="Item1">mimic\ufrmTOC.dfm</RDP_Source_Files>
                    <RDP_Source_Files Name="Item2">mimic\ufrmMimics.dfm</RDP_Source_Files>
                    <RDP_Source_Files Name="Item3">mimic\ufrmFunctionAllocation.dfm</RDP_Source_Files>
                    <RDP_Source_Files Name="Item4">mimic\ufrmNavComSystem.dfm</RDP_Source_Files>
                    <RDP_Source_Files Name="Item5">mimic\ufrmNetArchitect.dfm</RDP_Source_Files>
                    <RDP_Source_Files Name="Item6">mimic\ufrmLogin.dfm</RDP_Source_Files>
                    <RDP_Source_Files Name="Item7">Mimics.drc</RDP_Source_Files>
                </RDP_Source_Files>
            </Delphi.Personality>
            <ActiveXProjectInfo>
                <version>1</version>
            </ActiveXProjectInfo>
            <Platforms>
                <Platform value="Android64">True</Platform>
                <Platform value="iOSDevice64">True</Platform>
                <Platform value="Linux64">True</Platform>
                <Platform value="OSX64">True</Platform>
                <Platform value="Win32">True</Platform>
                <Platform value="Win64">False</Platform>
            </Platforms>
        </BorlandProject>
        <ProjectFileVersion>12</ProjectFileVersion>
    </ProjectExtensions>
    <Import Project="$(APPDATA)\Embarcadero\$(BDSAPPDATABASEDIR)\$(PRODUCTVERSION)\UserTools.proj" Condition="Exists('$(APPDATA)\Embarcadero\$(BDSAPPDATABASEDIR)\$(PRODUCTVERSION)\UserTools.proj')"/>
</Project>
